
Microsoft Visual Studio Solution File, Format Version 12.00
# Visual Studio 15
VisualStudioVersion = 15.0.27130.2010
MinimumVisualStudioVersion = 10.0.40219.1
Project("{9A19103F-16F7-4668-BE54-9A1E7A4F7556}") = "Core", "Core\Core.csproj", "{38100303-5D07-4FC1-9094-3F959E669EAC}"
EndProject
Project("{2150E333-8FDC-42A3-9474-1A3956D46DE8}") = "Persistence", "Persistence", "{A40A9725-E917-4016-9DDC-3E61E63D21A2}"
EndProject
Project("{9A19103F-16F7-4668-BE54-9A1E7A4F7556}") = "Persistence.Memory", "Persistence.Memory\Persistence.Memory.csproj", "{292D6B87-34DA-4674-B64D-FF29947B9D00}"
EndProject
Project("{9A19103F-16F7-4668-BE54-9A1E7A4F7556}") = "Persistence.EventStore", "Persistence.EventStore\Persistence.EventStore.csproj", "{F3DAD4AC-69F2-439F-B66C-96C717695FD0}"
EndProject
Project("{FAE04EC0-301F-11D3-BF4B-00C04F79EFBC}") = "Tests", "Tests\Tests.csproj", "{EBDABA4A-9469-423E-9964-758AE19EB3DF}"
EndProject
Global
	GlobalSection(SolutionConfigurationPlatforms) = preSolution
		Debug|Any CPU = Debug|Any CPU
		Release|Any CPU = Release|Any CPU
	EndGlobalSection
	GlobalSection(ProjectConfigurationPlatforms) = postSolution
		{38100303-5D07-4FC1-9094-3F959E669EAC}.Debug|Any CPU.ActiveCfg = Debug|Any CPU
		{38100303-5D07-4FC1-9094-3F959E669EAC}.Debug|Any CPU.Build.0 = Debug|Any CPU
		{38100303-5D07-4FC1-9094-3F959E669EAC}.Release|Any CPU.ActiveCfg = Release|Any CPU
		{38100303-5D07-4FC1-9094-3F959E669EAC}.Release|Any CPU.Build.0 = Release|Any CPU
		{292D6B87-34DA-4674-B64D-FF29947B9D00}.Debug|Any CPU.ActiveCfg = Debug|Any CPU
		{292D6B87-34DA-4674-B64D-FF29947B9D00}.Debug|Any CPU.Build.0 = Debug|Any CPU
		{292D6B87-34DA-4674-B64D-FF29947B9D00}.Release|Any CPU.ActiveCfg = Release|Any CPU
		{292D6B87-34DA-4674-B64D-FF29947B9D00}.Release|Any CPU.Build.0 = Release|Any CPU
		{F3DAD4AC-69F2-439F-B66C-96C717695FD0}.Debug|Any CPU.ActiveCfg = Debug|Any CPU
		{F3DAD4AC-69F2-439F-B66C-96C717695FD0}.Debug|Any CPU.Build.0 = Debug|Any CPU
		{F3DAD4AC-69F2-439F-B66C-96C717695FD0}.Release|Any CPU.ActiveCfg = Release|Any CPU
		{F3DAD4AC-69F2-439F-B66C-96C717695FD0}.Release|Any CPU.Build.0 = Release|Any CPU
		{EBDABA4A-9469-423E-9964-758AE19EB3DF}.Debug|Any CPU.ActiveCfg = Debug|Any CPU
		{EBDABA4A-9469-423E-9964-758AE19EB3DF}.Debug|Any CPU.Build.0 = Debug|Any CPU
		{EBDABA4A-9469-423E-9964-758AE19EB3DF}.Release|Any CPU.ActiveCfg = Release|Any CPU
		{EBDABA4A-9469-423E-9964-758AE19EB3DF}.Release|Any CPU.Build.0 = Release|Any CPU
	EndGlobalSection
	GlobalSection(SolutionProperties) = preSolution
		HideSolutionNode = FALSE
	EndGlobalSection
	GlobalSection(NestedProjects) = preSolution
		{292D6B87-34DA-4674-B64D-FF29947B9D00} = {A40A9725-E917-4016-9DDC-3E61E63D21A2}
		{F3DAD4AC-69F2-439F-B66C-96C717695FD0} = {A40A9725-E917-4016-9DDC-3E61E63D21A2}
	EndGlobalSection
	GlobalSection(ExtensibilityGlobals) = postSolution
		SolutionGuid = {919AD96C-1393-495B-B996-4EF79A9EF0D1}
	EndGlobalSection
EndGlobal
